Microsoft Visual Studio Solution File, Format Version 12.00
# Visual Studio 2013
VisualStudioVersion = 12.0.40629.0
MinimumVisualStudioVersion = 10.0.40219.1
Project("{F184B08F-C81C-45F6-A57F-5ABD9991F28F}") = "ASPxDashboard", "ASPxDashboard\ASPxDashboard.vbproj", "{6763D3F5-5141-4BA1-9318-EEB19D5A0A2E}"
EndProject
Global
	GlobalSection(SolutionConfigurationPlatforms) = preSolution
		Debug|Any CPU = Debug|Any CPU
		Release|Any CPU = Release|Any CPU
	EndGlobalSection
	GlobalSection(ProjectConfigurationPlatforms) = postSolution
		{6763D3F5-5141-4BA1-9318-EEB19D5A0A2E}.Debug|Any CPU.ActiveCfg = Debug|Any CPU
		{6763D3F5-5141-4BA1-9318-EEB19D5A0A2E}.Debug|Any CPU.Build.0 = Debug|Any CPU
		{6763D3F5-5141-4BA1-9318-EEB19D5A0A2E}.Release|Any CPU.ActiveCfg = Release|Any CPU
		{6763D3F5-5141-4BA1-9318-EEB19D5A0A2E}.Release|Any CPU.Build.0 = Release|Any CPU
	EndGlobalSection
	GlobalSection(SolutionProperties) = preSolution
		HideSolutionNode = FALSE
	EndGlobalSection
EndGlobal
